
Microsoft Visual Studio Solution File, Format Version 12.00
# Visual Studio Version 17
VisualStudioVersion = 17.5.002.0
MinimumVisualStudioVersion = 10.0.40219.1
Project("{9A19103F-16F7-4668-BE54-9A1E7A4F7556}") = "Appointment_Management", "Appointment_Management.csproj", "{18DEA3F5-6A94-4381-9ACF-1E6595C5FCBF}"
EndProject
Global
	GlobalSection(SolutionConfigurationPlatforms) = preSolution
		Debug|Any CPU = Debug|Any CPU
		Release|Any CPU = Release|Any CPU
	EndGlobalSection
	GlobalSection(ProjectConfigurationPlatforms) = postSolution
		{18DEA3F5-6A94-4381-9ACF-1E6595C5FCBF}.Debug|Any CPU.ActiveCfg = Debug|Any CPU
		{18DEA3F5-6A94-4381-9ACF-1E6595C5FCBF}.Debug|Any CPU.Build.0 = Debug|Any CPU
		{18DEA3F5-6A94-4381-9ACF-1E6595C5FCBF}.Release|Any CPU.ActiveCfg = Release|Any CPU
		{18DEA3F5-6A94-4381-9ACF-1E6595C5FCBF}.Release|Any CPU.Build.0 = Release|Any CPU
	EndGlobalSection
	GlobalSection(SolutionProperties) = preSolution
		HideSolutionNode = FALSE
	EndGlobalSection
	GlobalSection(ExtensibilityGlobals) = postSolution
		SolutionGuid = {242757B1-6531-4189-8E65-C249AF0397A1}
	EndGlobalSection
EndGlobal
